
Microsoft Visual Studio Solution File, Format Version 12.00
# Visual Studio Version 17
VisualStudioVersion = 17.11.34909.67
MinimumVisualStudioVersion = 10.0.40219.1
Project("{FAE04EC0-301F-11D3-BF4B-00C04F79EFBC}") = "Weervoorspelling", "Weervoorspelling.csproj", "{F3C386C1-CFE9-4630-A10D-712804AFAB39}"
EndProject
Global
	GlobalSection(SolutionConfigurationPlatforms) = preSolution
		Debug|Any CPU = Debug|Any CPU
		Release|Any CPU = Release|Any CPU
	EndGlobalSection
	GlobalSection(ProjectConfigurationPlatforms) = postSolution
		{F3C386C1-CFE9-4630-A10D-712804AFAB39}.Debug|Any CPU.ActiveCfg = Debug|Any CPU
		{F3C386C1-CFE9-4630-A10D-712804AFAB39}.Debug|Any CPU.Build.0 = Debug|Any CPU
		{F3C386C1-CFE9-4630-A10D-712804AFAB39}.Release|Any CPU.ActiveCfg = Release|Any CPU
		{F3C386C1-CFE9-4630-A10D-712804AFAB39}.Release|Any CPU.Build.0 = Release|Any CPU
	EndGlobalSection
	GlobalSection(SolutionProperties) = preSolution
		HideSolutionNode = FALSE
	EndGlobalSection
	GlobalSection(ExtensibilityGlobals) = postSolution
		SolutionGuid = {54D8E3D3-CCD0-44F6-BF49-576D2C34E2AB}
	EndGlobalSection
EndGlobal
